// !$*UTF8*$!
{
	archiveVersion = 1;
	classes = {
	};
	objectVersion = 50;
	objects = {

/* Begin PBXBuildFile section */
		FFC5DB8D22CA51E700DD1506 /* AppDelegate.swift in Sources */ = {isa = PBXBuildFile; fileRef = FFC5DB8C22CA51E700DD1506 /* AppDelegate.swift */; };
		FFC5DB8F22CA51E700DD1506 /* ViewController.swift in Sources */ = {isa = PBXBuildFile; fileRef = FFC5DB8E22CA51E700DD1506 /* ViewController.swift */; };
		FFC5DB9222CA51E700DD1506 /* Main.storyboard in Resources */ = {isa = PBXBuildFile; fileRef = FFC5DB9022CA51E700DD1506 /* Main.storyboard */; };
		FFC5DB9422CA51E800DD1506 /* Assets.xcassets in Resources */ = {isa = PBXBuildFile; fileRef = FFC5DB9322CA51E800DD1506 /* Assets.xcassets */; };
		FFC5DB9722CA51E800DD1506 /* LaunchScreen.storyboard in Resources */ = {isa = PBXBuildFile; fileRef = FFC5DB9522CA51E800DD1506 /* LaunchScreen.storyboard */; };
		FFC5DBA222CA51E800DD1506 /* SmartServTestTests.swift in Sources */ = {isa = PBXBuildFile; fileRef = FFC5DBA122CA51E800DD1506 /* SmartServTestTests.swift */; };
		FFC5DBAD22CA51E800DD1506 /* SmartServTestUITests.swift in Sources */ = {isa = PBXBuildFile; fileRef = FFC5DBAC22CA51E800DD1506 /* SmartServTestUITests.swift */; };
/* End PBXBuildFile section */

/* Begin PBXContainerItemProxy section */
		FFC5DB9E22CA51E800DD1506 /* PBXContainerItemProxy */ = {
			isa = PBXContainerItemProxy;
			containerPortal = FFC5DB8122CA51E700DD1506 /* Project object */;
			proxyType = 1;
			remoteGlobalIDString = FFC5DB8822CA51E700DD1506;
			remoteInfo = SmartServTest;
		};
		FFC5DBA922CA51E800DD1506 /* PBXContainerItemProxy */ = {
			isa = PBXContainerItemProxy;
			containerPortal = FFC5DB8122CA51E700DD1506 /* Project object */;
			proxyType = 1;
			remoteGlobalIDString = FFC5DB8822CA51E700DD1506;
			remoteInfo = SmartServTest;
		};
/* End PBXContainerItemProxy section */

/* Begin PBXFileReference section */
		FFC5DB8922CA51E700DD1506 /* SmartServTest.app */ = {isa = PBXFileReference; explicitFileType = wrapper.application; includeInIndex = 0; path = SmartServTest.app; sourceTree = BUILT_PRODUCTS_DIR; };
		FFC5DB8C22CA51E700DD1506 /* AppDelegate.swift */ = {isa = PBXFileReference; lastKnownFileType = sourcecode.swift; path = AppDelegate.swift; sourceTree = "<group>"; };
		FFC5DB8E22CA51E700DD1506 /* ViewController.swift */ = {isa = PBXFileReference; lastKnownFileType = sourcecode.swift; path = ViewController.swift; sourceTree = "<group>"; };
		FFC5DB9122CA51E700DD1506 /* Base */ = {isa = PBXFileReference; lastKnownFileType = file.storyboard; name = Base; path = Base.lproj/Main.storyboard; sourceTree = "<group>"; };
		FFC5DB9322CA51E800DD1506 /* Assets.xcassets */ = {isa = PBXFileReference; lastKnownFileType = folder.assetcatalog; path = Assets.xcassets; sourceTree = "<group>"; };
		FFC5DB9622CA51E800DD1506 /* Base */ = {isa = PBXFileReference; lastKnownFileType = file.storyboard; name = Base; path = Base.lproj/LaunchScreen.storyboard; sourceTree = "<group>"; };
		FFC5DB9822CA51E800DD1506 /* Info.plist */ = {isa = PBXFileReference; lastKnownFileType = text.plist.xml; path = Info.plist; sourceTree = "<group>"; };
		FFC5DB9D22CA51E800DD1506 /* SmartServTestTests.xctest */ = {isa = PBXFileReference; explicitFileType = wrapper.cfbundle; includeInIndex = 0; path = SmartServTestTests.xctest; sourceTree = BUILT_PRODUCTS_DIR; };
		FFC5DBA122CA51E800DD1506 /* SmartServTestTests.swift */ = {isa = PBXFileReference; lastKnownFileType = sourcecode.swift; path = SmartServTestTests.swift; sourceTree = "<group>"; };
		FFC5DBA322CA51E800DD1506 /* Info.plist */ = {isa = PBXFileReference; lastKnownFileType = text.plist.xml; path = Info.plist; sourceTree = "<group>"; };
		FFC5DBA822CA51E800DD1506 /* SmartServTestUITests.xctest */ = {isa = PBXFileReference; explicitFileType = wrapper.cfbundle; includeInIndex = 0; path = SmartServTestUITests.xctest; sourceTree = BUILT_PRODUCTS_DIR; };
		FFC5DBAC22CA51E800DD1506 /* SmartServTestUITests.swift */ = {isa = PBXFileReference; lastKnownFileType = sourcecode.swift; path = SmartServTestUITests.swift; sourceTree = "<group>"; };
		FFC5DBAE22CA51E800DD1506 /* Info.plist */ = {isa = PBXFileReference; lastKnownFileType = text.plist.xml; path = Info.plist; sourceTree = "<group>"; };
/* End PBXFileReference section */

/* Begin PBXFrameworksBuildPhase section */
		FFC5DB8622CA51E700DD1506 /* Frameworks */ = {
			isa = PBXFrameworksBuildPhase;
			buildActionMask = 2147483647;
			files = (
			);
			runOnlyForDeploymentPostprocessing = 0;
		};
		FFC5DB9A22CA51E800DD1506 /* Frameworks */ = {
			isa = PBXFrameworksBuildPhase;
			buildActionMask = 2147483647;
			files = (
			);
			runOnlyForDeploymentPostprocessing = 0;
		};
		FFC5DBA522CA51E800DD1506 /* Frameworks */ = {
			isa = PBXFrameworksBuildPhase;
			buildActionMask = 2147483647;
			files = (
			);
			runOnlyForDeploymentPostprocessing = 0;
		};
/* End PBXFrameworksBuildPhase section */

/* Begin PBXGroup section */
		FFC5DB8022CA51E700DD1506 = {
			isa = PBXGroup;
			children = (
				FFC5DB8B22CA51E700DD1506 /* SmartServTest */,
				FFC5DBA022CA51E800DD1506 /* SmartServTestTests */,
				FFC5DBAB22CA51E800DD1506 /* SmartServTestUITests */,
				FFC5DB8A22CA51E700DD1506 /* Products */,
			);
			sourceTree = "<group>";
		};
		FFC5DB8A22CA51E700DD1506 /* Products */ = {
			isa = PBXGroup;
			children = (
				FFC5DB8922CA51E700DD1506 /* SmartServTest.app */,
				FFC5DB9D22CA51E800DD1506 /* SmartServTestTests.xctest */,
				FFC5DBA822CA51E800DD1506 /* SmartServTestUITests.xctest */,
			);
			name = Products;
			sourceTree = "<group>";
		};
		FFC5DB8B22CA51E700DD1506 /* SmartServTest */ = {
			isa = PBXGroup;
			children = (
				FFC5DB8C22CA51E700DD1506 /* AppDelegate.swift */,
				FFC5DB8E22CA51E700DD1506 /* ViewController.swift */,
				FFC5DB9022CA51E700DD1506 /* Main.storyboard */,
				FFC5DB9322CA51E800DD1506 /* Assets.xcassets */,
				FFC5DB9522CA51E800DD1506 /* LaunchScreen.storyboard */,
				FFC5DB9822CA51E800DD1506 /* Info.plist */,
			);
			path = SmartServTest;
			sourceTree = "<group>";
		};
		FFC5DBA022CA51E800DD1506 /* SmartServTestTests */ = {
			isa = PBXGroup;
			children = (
				FFC5DBA122CA51E800DD1506 /* SmartServTestTests.swift */,
				FFC5DBA322CA51E800DD1506 /* Info.plist */,
			);
			path = SmartServTestTests;
			sourceTree = "<group>";
		};
		FFC5DBAB22CA51E800DD1506 /* SmartServTestUITests */ = {
			isa = PBXGroup;
			children = (
				FFC5DBAC22CA51E800DD1506 /* SmartServTestUITests.swift */,
				FFC5DBAE22CA51E800DD1506 /* Info.plist */,
			);
			path = SmartServTestUITests;
			sourceTree = "<group>";
		};
/* End PBXGroup section */

/* Begin PBXNativeTarget section */
		FFC5DB8822CA51E700DD1506 /* SmartServTest */ = {
			isa = PBXNativeTarget;
			buildConfigurationList = FFC5DBB122CA51E800DD1506 /* Build configuration list for PBXNativeTarget "SmartServTest" */;
			buildPhases = (
				FFC5DB8522CA51E700DD1506 /* Sources */,
				FFC5DB8622CA51E700DD1506 /* Frameworks */,
				FFC5DB8722CA51E700DD1506 /* Resources */,
			);
			buildRules = (
			);
			dependencies = (
			);
			name = SmartServTest;
			productName = SmartServTest;
			productReference = FFC5DB8922CA51E700DD1506 /* SmartServTest.app */;
			productType = "com.apple.product-type.application";
		};
		FFC5DB9C22CA51E800DD1506 /* SmartServTestTests */ = {
			isa = PBXNativeTarget;
			buildConfigurationList = FFC5DBB422CA51E800DD1506 /* Build configuration list for PBXNativeTarget "SmartServTestTests" */;
			buildPhases = (
				FFC5DB9922CA51E800DD1506 /* Sources */,
				FFC5DB9A22CA51E800DD1506 /* Frameworks */,
				FFC5DB9B22CA51E800DD1506 /* Resources */,
			);
			buildRules = (
			);
			dependencies = (
				FFC5DB9F22CA51E800DD1506 /* PBXTargetDependency */,
			);
			name = SmartServTestTests;
			productName = SmartServTestTests;
			productReference = FFC5DB9D22CA51E800DD1506 /* SmartServTestTests.xctest */;
			productType = "com.apple.product-type.bundle.unit-test";
		};
		FFC5DBA722CA51E800DD1506 /* SmartServTestUITests */ = {
			isa = PBXNativeTarget;
			buildConfigurationList = FFC5DBB722CA51E800DD1506 /* Build configuration list for PBXNativeTarget "SmartServTestUITests" */;
			buildPhases = (
				FFC5DBA422CA51E800DD1506 /* Sources */,
				FFC5DBA522CA51E800DD1506 /* Frameworks */,
				FFC5DBA622CA51E800DD1506 /* Resources */,
			);
			buildRules = (
			);
			dependencies = (
				FFC5DBAA22CA51E800DD1506 /* PBXTargetDependency */,
			);
			name = SmartServTestUITests;
			productName = SmartServTestUITests;
			productReference = FFC5DBA822CA51E800DD1506 /* SmartServTestUITests.xctest */;
			productType = "com.apple.product-type.bundle.ui-testing";
		};
/* End PBXNativeTarget section */

/* Begin PBXProject section */
		FFC5DB8122CA51E700DD1506 /* Project object */ = {
			isa = PBXProject;
			attributes = {
				LastSwiftUpdateCheck = 1020;
				LastUpgradeCheck = 1020;
				ORGANIZATIONNAME = Fortune4;
				TargetAttributes = {
					FFC5DB8822CA51E700DD1506 = {
						CreatedOnToolsVersion = 10.2.1;
					};
					FFC5DB9C22CA51E800DD1506 = {
						CreatedOnToolsVersion = 10.2.1;
						TestTargetID = FFC5DB8822CA51E700DD1506;
					};
					FFC5DBA722CA51E800DD1506 = {
						CreatedOnToolsVersion = 10.2.1;
						TestTargetID = FFC5DB8822CA51E700DD1506;
					};
				};
			};
			buildConfigurationList = FFC5DB8422CA51E700DD1506 /* Build configuration list for PBXProject "SmartServTest" */;
			compatibilityVersion = "Xcode 9.3";
			developmentRegion = en;
			hasScannedForEncodings = 0;
			knownRegions = (
				en,
				Base,
			);
			mainGroup = FFC5DB8022CA51E700DD1506;
			productRefGroup = FFC5DB8A22CA51E700DD1506 /* Products */;
			projectDirPath = "";
			projectRoot = "";
			targets = (
				FFC5DB8822CA51E700DD1506 /* SmartServTest */,
				FFC5DB9C22CA51E800DD1506 /* SmartServTestTests */,
				FFC5DBA722CA51E800DD1506 /* SmartServTestUITests */,
			);
		};
/* End PBXProject section */

/* Begin PBXResourcesBuildPhase section */
		FFC5DB8722CA51E700DD1506 /* Resources */ = {
			isa = PBXResourcesBuildPhase;
			buildActionMask = 2147483647;
			files = (
				FFC5DB9722CA51E800DD1506 /* LaunchScreen.storyboard in Resources */,
				FFC5DB9422CA51E800DD1506 /* Assets.xcassets in Resources */,
				FFC5DB9222CA51E700DD1506 /* Main.storyboard in Resources */,
			);
			runOnlyForDeploymentPostprocessing = 0;
		};
		FFC5DB9B22CA51E800DD1506 /* Resources */ = {
			isa = PBXResourcesBuildPhase;
			buildActionMask = 2147483647;
			files = (
			);
			runOnlyForDeploymentPostprocessing = 0;
		};
		FFC5DBA622CA51E800DD1506 /* Resources */ = {
			isa = PBXResourcesBuildPhase;
			buildActionMask = 2147483647;
			files = (
			);
			runOnlyForDeploymentPostprocessing = 0;
		};
/* End PBXResourcesBuildPhase section */

/* Begin PBXSourcesBuildPhase section */
		FFC5DB8522CA51E700DD1506 /* Sources */ = {
			isa = PBXSourcesBuildPhase;
			buildActionMask = 2147483647;
			files = (
				FFC5DB8F22CA51E700DD1506 /* ViewController.swift in Sources */,
				FFC5DB8D22CA51E700DD1506 /* AppDelegate.swift in Sources */,
			);
			runOnlyForDeploymentPostprocessing = 0;
		};
		FFC5DB9922CA51E800DD1506 /* Sources */ = {
			isa = PBXSourcesBuildPhase;
			buildActionMask = 2147483647;
			files = (
				FFC5DBA222CA51E800DD1506 /* SmartServTestTests.swift in Sources */,
			);
			runOnlyForDeploymentPostprocessing = 0;
		};
		FFC5DBA422CA51E800DD1506 /* Sources */ = {
			isa = PBXSourcesBuildPhase;
			buildActionMask = 2147483647;
			files = (
				FFC5DBAD22CA51E800DD1506 /* SmartServTestUITests.swift in Sources */,
			);
			runOnlyForDeploymentPostprocessing = 0;
		};
/* End PBXSourcesBuildPhase section */

/* Begin PBXTargetDependency section */
		FFC5DB9F22CA51E800DD1506 /* PBXTargetDependency */ = {
			isa = PBXTargetDependency;
			target = FFC5DB8822CA51E700DD1506 /* SmartServTest */;
			targetProxy = FFC5DB9E22CA51E800DD1506 /* PBXContainerItemProxy */;
		};
		FFC5DBAA22CA51E800DD1506 /* PBXTargetDependency */ = {
			isa = PBXTargetDependency;
			target = FFC5DB8822CA51E700DD1506 /* SmartServTest */;
			targetProxy = FFC5DBA922CA51E800DD1506 /* PBXContainerItemProxy */;
		};
/* End PBXTargetDependency section */

/* Begin PBXVariantGroup section */
		FFC5DB9022CA51E700DD1506 /* Main.storyboard */ = {
			isa = PBXVariantGroup;
			children = (
				FFC5DB9122CA51E700DD1506 /* Base */,
			);
			name = Main.storyboard;
			sourceTree = "<group>";
		};
		FFC5DB9522CA51E800DD1506 /* LaunchScreen.storyboard */ = {
			isa = PBXVariantGroup;
			children = (
				FFC5DB9622CA51E800DD1506 /* Base */,
			);
			name = LaunchScreen.storyboard;
			sourceTree = "<group>";
		};
/* End PBXVariantGroup section */

/* Begin XCBuildConfiguration section */
		FFC5DBAF22CA51E800DD1506 /* Debug */ = {
			isa = XCBuildConfiguration;
			buildSettings = {
				ALWAYS_SEARCH_USER_PATHS = NO;
				CLANG_ANALYZER_NONNULL = YES;
				CLANG_ANALYZER_NUMBER_OBJECT_CONVERSION = YES_AGGRESSIVE;
				CLANG_CXX_LANGUAGE_STANDARD = "gnu++14";
				CLANG_CXX_LIBRARY = "libc++";
				CLANG_ENABLE_MODULES = YES;
				CLANG_ENABLE_OBJC_ARC = YES;
				CLANG_ENABLE_OBJC_WEAK = YES;
				CLANG_WARN_BLOCK_CAPTURE_AUTORELEASING = YES;
				CLANG_WARN_BOOL_CONVERSION = YES;
				CLANG_WARN_COMMA = YES;
				CLANG_WARN_CONSTANT_CONVERSION = YES;
				CLANG_WARN_DEPRECATED_OBJC_IMPLEMENTATIONS = YES;
				CLANG_WARN_DIRECT_OBJC_ISA_USAGE = YES_ERROR;
				CLANG_WARN_DOCUMENTATION_COMMENTS = YES;
				CLANG_WARN_EMPTY_BODY = YES;
				CLANG_WARN_ENUM_CONVERSION = YES;
				CLANG_WARN_INFINITE_RECURSION = YES;
				CLANG_WARN_INT_CONVERSION = YES;
				CLANG_WARN_NON_LITERAL_NULL_CONVERSION = YES;
				CLANG_WARN_OBJC_IMPLICIT_RETAIN_SELF = YES;
				CLANG_WARN_OBJC_LITERAL_CONVERSION = YES;
				CLANG_WARN_OBJC_ROOT_CLASS = YES_ERROR;
				CLANG_WARN_RANGE_LOOP_ANALYSIS = YES;
				CLANG_WARN_STRICT_PROTOTYPES = YES;
				CLANG_WARN_SUSPICIOUS_MOVE = YES;
				CLANG_WARN_UNGUARDED_AVAILABILITY = YES_AGGRESSIVE;
				CLANG_WARN_UNREACHABLE_CODE = YES;
				CLANG_WARN__DUPLICATE_METHOD_MATCH = YES;
				CODE_SIGN_IDENTITY = "iPhone Developer";
				COPY_PHASE_STRIP = NO;
				DEBUG_INFORMATION_FORMAT = dwarf;
				ENABLE_STRICT_OBJC_MSGSEND = YES;
				ENABLE_TESTABILITY = YES;
				GCC_C_LANGUAGE_STANDARD = gnu11;
				GCC_DYNAMIC_NO_PIC = NO;
				GCC_NO_COMMON_BLOCKS = YES;
				GCC_OPTIMIZATION_LEVEL = 0;
				GCC_PREPROCESSOR_DEFINITIONS = (
					"DEBUG=1",
					"$(inherited)",
				);
				GCC_WARN_64_TO_32_BIT_CONVERSION = YES;
				GCC_WARN_ABOUT_RETURN_TYPE = YES_ERROR;
				GCC_WARN_UNDECLARED_SELECTOR = YES;
				GCC_WARN_UNINITIALIZED_AUTOS = YES_AGGRESSIVE;
				GCC_WARN_UNUSED_FUNCTION = YES;
				GCC_WARN_UNUSED_VARIABLE = YES;
				IPHONEOS_DEPLOYMENT_TARGET = 12.2;
				MTL_ENABLE_DEBUG_INFO = INCLUDE_SOURCE;
				MTL_FAST_MATH = YES;
				ONLY_ACTIVE_ARCH = YES;
				SDKROOT = iphoneos;
				SWIFT_ACTIVE_COMPILATION_CONDITIONS = DEBUG;
				SWIFT_OPTIMIZATION_LEVEL = "-Onone";
			};
			name = Debug;
		};
		FFC5DBB022CA51E800DD1506 /* Release */ = {
			isa = XCBuildConfiguration;
			buildSettings = {
				ALWAYS_SEARCH_USER_PATHS = NO;
				CLANG_ANALYZER_NONNULL = YES;
				CLANG_ANALYZER_NUMBER_OBJECT_CONVERSION = YES_AGGRESSIVE;
				CLANG_CXX_LANGUAGE_STANDARD = "gnu++14";
				CLANG_CXX_LIBRARY = "libc++";
				CLANG_ENABLE_MODULES = YES;
				CLANG_ENABLE_OBJC_ARC = YES;
				CLANG_ENABLE_OBJC_WEAK = YES;
				CLANG_WARN_BLOCK_CAPTURE_AUTORELEASING = YES;
				CLANG_WARN_BOOL_CONVERSION = YES;
				CLANG_WARN_COMMA = YES;
				CLANG_WARN_CONSTANT_CONVERSION = YES;
				CLANG_WARN_DEPRECATED_OBJC_IMPLEMENTATIONS = YES;
				CLANG_WARN_DIRECT_OBJC_ISA_USAGE = YES_ERROR;
				CLANG_WARN_DOCUMENTATION_COMMENTS = YES;
				CLANG_WARN_EMPTY_BODY = YES;
				CLANG_WARN_ENUM_CONVERSION = YES;
				CLANG_WARN_INFINITE_RECURSION = YES;
				CLANG_WARN_INT_CONVERSION = YES;
				CLANG_WARN_NON_LITERAL_NULL_CONVERSION = YES;
				CLANG_WARN_OBJC_IMPLICIT_RETAIN_SELF = YES;
				CLANG_WARN_OBJC_LITERAL_CONVERSION = YES;
				CLANG_WARN_OBJC_ROOT_CLASS = YES_ERROR;
				CLANG_WARN_RANGE_LOOP_ANALYSIS = YES;
				CLANG_WARN_STRICT_PROTOTYPES = YES;
				CLANG_WARN_SUSPICIOUS_MOVE = YES;
				CLANG_WARN_UNGUARDED_AVAILABILITY = YES_AGGRESSIVE;
				CLANG_WARN_UNREACHABLE_CODE = YES;
				CLANG_WARN__DUPLICATE_METHOD_MATCH = YES;
				CODE_SIGN_IDENTITY = "iPhone Developer";
				COPY_PHASE_STRIP = NO;
				DEBUG_INFORMATION_FORMAT = "dwarf-with-dsym";
				ENABLE_NS_ASSERTIONS = NO;
				ENABLE_STRICT_OBJC_MSGSEND = YES;
				GCC_C_LANGUAGE_STANDARD = gnu11;
				GCC_NO_COMMON_BLOCKS = YES;
				GCC_WARN_64_TO_32_BIT_CONVERSION = YES;
				GCC_WARN_ABOUT_RETURN_TYPE = YES_ERROR;
				GCC_WARN_UNDECLARED_SELECTOR = YES;
				GCC_WARN_UNINITIALIZED_AUTOS = YES_AGGRESSIVE;
				GCC_WARN_UNUSED_FUNCTION = YES;
				GCC_WARN_UNUSED_VARIABLE = YES;
				IPHONEOS_DEPLOYMENT_TARGET = 12.2;
				MTL_ENABLE_DEBUG_INFO = NO;
				MTL_FAST_MATH = YES;
				SDKROOT = iphoneos;
				SWIFT_COMPILATION_MODE = wholemodule;
				SWIFT_OPTIMIZATION_LEVEL = "-O";
				VALIDATE_PRODUCT = YES;
			};
			name = Release;
		};
		FFC5DBB222CA51E800DD1506 /* Debug */ = {
			isa = XCBuildConfiguration;
			buildSettings = {
				ASSETCATALOG_COMPILER_APPICON_NAME = AppIcon;
				CODE_SIGN_STYLE = Automatic;
				DEVELOPMENT_TEAM = UMUY72KH99;
				INFOPLIST_FILE = SmartServTest/Info.plist;
				LD_RUNPATH_SEARCH_PATHS = (
					"$(inherited)",
					"@executable_path/Frameworks",
				);
				PRODUCT_BUNDLE_IDENTIFIER = com.fortune4.SmartServTest;
				PRODUCT_NAME = "$(TARGET_NAME)";
				SWIFT_VERSION = 5.0;
				TARGETED_DEVICE_FAMILY = "1,2";
			};
			name = Debug;
		};
		FFC5DBB322CA51E800DD1506 /* Release */ = {
			isa = XCBuildConfiguration;
			buildSettings = {
				ASSETCATALOG_COMPILER_APPICON_NAME = AppIcon;
				CODE_SIGN_STYLE = Automatic;
				DEVELOPMENT_TEAM = UMUY72KH99;
				INFOPLIST_FILE = SmartServTest/Info.plist;
				LD_RUNPATH_SEARCH_PATHS = (
					"$(inherited)",
					"@executable_path/Frameworks",
				);
				PRODUCT_BUNDLE_IDENTIFIER = com.fortune4.SmartServTest;
				PRODUCT_NAME = "$(TARGET_NAME)";
				SWIFT_VERSION = 5.0;
				TARGETED_DEVICE_FAMILY = "1,2";
			};
			name = Release;
		};
		FFC5DBB522CA51E800DD1506 /* Debug */ = {
			isa = XCBuildConfiguration;
			buildSettings = {
				ALWAYS_EMBED_SWIFT_STANDARD_LIBRARIES = YES;
				BUNDLE_LOADER = "$(TEST_HOST)";
				CODE_SIGN_STYLE = Automatic;
				DEVELOPMENT_TEAM = UMUY72KH99;
				INFOPLIST_FILE = SmartServTestTests/Info.plist;
				LD_RUNPATH_SEARCH_PATHS = (
					"$(inherited)",
					"@executable_path/Frameworks",
					"@loader_path/Frameworks",
				);
				PRODUCT_BUNDLE_IDENTIFIER = com.fortune4.SmartServTestTests;
				PRODUCT_NAME = "$(TARGET_NAME)";
				SWIFT_VERSION = 5.0;
				TARGETED_DEVICE_FAMILY = "1,2";
				TEST_HOST = "$(BUILT_PRODUCTS_DIR)/SmartServTest.app/SmartServTest";
			};
			name = Debug;
		};
		FFC5DBB622CA51E800DD1506 /* Release */ = {
			isa = XCBuildConfiguration;
			buildSettings = {
				ALWAYS_EMBED_SWIFT_STANDARD_LIBRARIES = YES;
				BUNDLE_LOADER = "$(TEST_HOST)";
				CODE_SIGN_STYLE = Automatic;
				DEVELOPMENT_TEAM = UMUY72KH99;
				INFOPLIST_FILE = SmartServTestTests/Info.plist;
				LD_RUNPATH_SEARCH_PATHS = (
					"$(inherited)",
					"@executable_path/Frameworks",
					"@loader_path/Frameworks",
				);
				PRODUCT_BUNDLE_IDENTIFIER = com.fortune4.SmartServTestTests;
				PRODUCT_NAME = "$(TARGET_NAME)";
				SWIFT_VERSION = 5.0;
				TARGETED_DEVICE_FAMILY = "1,2";
				TEST_HOST = "$(BUILT_PRODUCTS_DIR)/SmartServTest.app/SmartServTest";
			};
			name = Release;
		};
		FFC5DBB822CA51E800DD1506 /* Debug */ = {
			isa = XCBuildConfiguration;
			buildSettings = {
				ALWAYS_EMBED_SWIFT_STANDARD_LIBRARIES = YES;
				CODE_SIGN_STYLE = Automatic;
				DEVELOPMENT_TEAM = UMUY72KH99;
				INFOPLIST_FILE = SmartServTestUITests/Info.plist;
				LD_RUNPATH_SEARCH_PATHS = (
					"$(inherited)",
					"@executable_path/Frameworks",
					"@loader_path/Frameworks",
				);
				PRODUCT_BUNDLE_IDENTIFIER = com.fortune4.SmartServTestUITests;
				PRODUCT_NAME = "$(TARGET_NAME)";
				SWIFT_VERSION = 5.0;
				TARGETED_DEVICE_FAMILY = "1,2";
				TEST_TARGET_NAME = SmartServTest;
			};
			name = Debug;
		};
		FFC5DBB922CA51E800DD1506 /* Release */ = {
			isa = XCBuildConfiguration;
			buildSettings = {
				ALWAYS_EMBED_SWIFT_STANDARD_LIBRARIES = YES;
				CODE_SIGN_STYLE = Automatic;
				DEVELOPMENT_TEAM = UMUY72KH99;
				INFOPLIST_FILE = SmartServTestUITests/Info.plist;
				LD_RUNPATH_SEARCH_PATHS = (
					"$(inherited)",
					"@executable_path/Frameworks",
					"@loader_path/Frameworks",
				);
				PRODUCT_BUNDLE_IDENTIFIER = com.fortune4.SmartServTestUITests;
				PRODUCT_NAME = "$(TARGET_NAME)";
				SWIFT_VERSION = 5.0;
				TARGETED_DEVICE_FAMILY = "1,2";
				TEST_TARGET_NAME = SmartServTest;
			};
			name = Release;
		};
/* End XCBuildConfiguration section */

/* Begin XCConfigurationList section */
		FFC5DB8422CA51E700DD1506 /* Build configuration list for PBXProject "SmartServTest" */ = {
			isa = XCConfigurationList;
			buildConfigurations = (
				FFC5DBAF22CA51E800DD1506 /* Debug */,
				FFC5DBB022CA51E800DD1506 /* Release */,
			);
			defaultConfigurationIsVisible = 0;
			defaultConfigurationName = Release;
		};
		FFC5DBB122CA51E800DD1506 /* Build configuration list for PBXNativeTarget "SmartServTest" */ = {
			isa = XCConfigurationList;
			buildConfigurations = (
				FFC5DBB222CA51E800DD1506 /* Debug */,
				FFC5DBB322CA51E800DD1506 /* Release */,
			);
			defaultConfigurationIsVisible = 0;
			defaultConfigurationName = Release;
		};
		FFC5DBB422CA51E800DD1506 /* Build configuration list for PBXNativeTarget "SmartServTestTests" */ = {
			isa = XCConfigurationList;
			buildConfigurations = (
				FFC5DBB522CA51E800DD1506 /* Debug */,
				FFC5DBB622CA51E800DD1506 /* Release */,
			);
			defaultConfigurationIsVisible = 0;
			defaultConfigurationName = Release;
		};
		FFC5DBB722CA51E800DD1506 /* Build configuration list for PBXNativeTarget "SmartServTestUITests" */ = {
			isa = XCConfigurationList;
			buildConfigurations = (
				FFC5DBB822CA51E800DD1506 /* Debug */,
				FFC5DBB922CA51E800DD1506 /* Release */,
			);
			defaultConfigurationIsVisible = 0;
			defaultConfigurationName = Release;
		};
/* End XCConfigurationList section */
	};
	rootObject = FFC5DB8122CA51E700DD1506 /* Project object */;
}
